{
  "name": "logger-ps",
  "version": "0.0.1",
  "lockfileVersion": 3,
  "requires": true,
  "packages": {
    "": {
      "name": "logger-ps",
      "version": "0.0.1",
      "license": "ISC",
      "dependencies": {
        "@types/chalk": "^0.4.31",
        "chalk": "^5.6.2"
      }
    },
    "node_modules/@types/chalk": {
      "version": "0.4.31",
      "resolved": "https://registry.npmjs.org/@types/chalk/-/chalk-0.4.31.tgz",
      "integrity": "sha512-nF0fisEPYMIyfrFgabFimsz9Lnuu9MwkNrrlATm2E4E46afKDyeelT+8bXfw1VSc7sLBxMxRgT7PxTC2JcqN4Q==",
      "license": "MIT"
    },
    "node_modules/chalk": {
      "version": "5.6.2",
      "resolved": "https://registry.npmjs.org/chalk/-/chalk-5.6.2.tgz",
      "integrity": "sha512-7NzBL0rN6fMUW+f7A6Io4h40qQlG+xGmtMxfbnH/K7TAtt8JQWVQK+6g0UXKMeVJoyV5EkkNsErQ8pVD3bLHbA==",
      "license": "MIT",
      "engines": {
        "node": "^12.17.0 || ^14.13 || >=16.0.0"
      },
      "funding": {
        "url": "https://github.com/chalk/chalk?sponsor=1"
      }
    }
  }
}
